
Microsoft Visual Studio Solution File, Format Version 12.00
# Visual Studio Version 16
VisualStudioVersion = 16.0.30717.126
MinimumVisualStudioVersion = 10.0.40219.1
Project("{FAE04EC0-301F-11D3-BF4B-00C04F79EFBC}") = "SampleLogger", "SampleLogger\SampleLogger.csproj", "{F4433F0E-BD84-468C-8BFF-E62AF143EDAD}"
EndProject
Global
	GlobalSection(SolutionConfigurationPlatforms) = preSolution
		Debug|Any CPU = Debug|Any CPU
		Release|Any CPU = Release|Any CPU
	EndGlobalSection
	GlobalSection(ProjectConfigurationPlatforms) = postSolution
		{F4433F0E-BD84-468C-8BFF-E62AF143EDAD}.Debug|Any CPU.ActiveCfg = Debug|Any CPU
		{F4433F0E-BD84-468C-8BFF-E62AF143EDAD}.Debug|Any CPU.Build.0 = Debug|Any CPU
		{F4433F0E-BD84-468C-8BFF-E62AF143EDAD}.Release|Any CPU.ActiveCfg = Release|Any CPU
		{F4433F0E-BD84-468C-8BFF-E62AF143EDAD}.Release|Any CPU.Build.0 = Release|Any CPU
	EndGlobalSection
	GlobalSection(SolutionProperties) = preSolution
		HideSolutionNode = FALSE
	EndGlobalSection
	GlobalSection(ExtensibilityGlobals) = postSolution
		SolutionGuid = {FBB1860E-C92A-4121-9160-1D2A9BD8C500}
	EndGlobalSection
EndGlobal
